{
	"name": "intro-to-servers-workshop",
	"version": "0.1.0",
	"lockfileVersion": 2,
	"requires": true,
	"packages": {
		"": {
			"name": "intro-to-servers-workshop",
			"version": "0.1.0",
			"license": "MIT",
			"workspaces": [
				"exercise/*",
				"final/*"
			],
			"devDependencies": {
				"@types/cookie-parser": "^1.4.3",
				"@types/express": "^4.17.13",
				"@types/node": "16.x",
				"@types/react": "^18.0.17",
				"@types/react-dom": "^18.0.6",
				"prettier": "^2.7.1",
				"typescript": "^4.7.4"
			}
		},
		"node_modules/@types/body-parser": {
			"version": "1.19.2",
			"dev": true,
			"license": "MIT",
			"dependencies": {
				"@types/connect": "*",
				"@types/node": "*"
			}
		},
		"node_modules/@types/connect": {
			"version": "3.4.35",
			"dev": true,
			"license": "MIT",
			"dependencies": {
				"@types/node": "*"
			}
		},
		"node_modules/@types/cookie-parser": {
			"version": "1.4.3",
			"dev": true,
			"license": "MIT",
			"dependencies": {
				"@types/express": "*"
			}
		},
		"node_modules/@types/express": {
			"version": "4.17.13",
			"dev": true,
			"license": "MIT",
			"dependencies": {
				"@types/body-parser": "*",
				"@types/express-serve-static-core": "^4.17.18",
				"@types/qs": "*",
				"@types/serve-static": "*"
			}
		},
		"node_modules/@types/express-serve-static-core": {
			"version": "4.17.30",
			"dev": true,
			"license": "MIT",
			"dependencies": {
				"@types/node": "*",
				"@types/qs": "*",
				"@types/range-parser": "*"
			}
		},
		"node_modules/@types/mime": {
			"version": "3.0.1",
			"dev": true,
			"license": "MIT"
		},
		"node_modules/@types/node": {
			"version": "16.11.43",
			"dev": true,
			"license": "MIT"
		},
		"node_modules/@types/prop-types": {
			"version": "15.7.5",
			"dev": true,
			"license": "MIT"
		},
		"node_modules/@types/qs": {
			"version": "6.9.7",
			"dev": true,
			"license": "MIT"
		},
		"node_modules/@types/range-parser": {
			"version": "1.2.4",
			"dev": true,
			"license": "MIT"
		},
		"node_modules/@types/react": {
			"version": "18.0.17",
			"dev": true,
			"license": "MIT",
			"dependencies": {
				"@types/prop-types": "*",
				"@types/scheduler": "*",
				"csstype": "^3.0.2"
			}
		},
		"node_modules/@types/react-dom": {
			"version": "18.0.6",
			"dev": true,
			"license": "MIT",
			"dependencies": {
				"@types/react": "*"
			}
		},
		"node_modules/@types/scheduler": {
			"version": "0.16.2",
			"dev": true,
			"license": "MIT"
		},
		"node_modules/@types/serve-static": {
			"version": "1.15.0",
			"dev": true,
			"license": "MIT",
			"dependencies": {
				"@types/mime": "*",
				"@types/node": "*"
			}
		},
		"node_modules/csstype": {
			"version": "3.1.0",
			"dev": true,
			"license": "MIT"
		},
		"node_modules/prettier": {
			"version": "2.7.1",
			"dev": true,
			"license": "MIT",
			"bin": {
				"prettier": "bin-prettier.js"
			},
			"engines": {
				"node": ">=10.13.0"
			},
			"funding": {
				"url": "https://github.com/prettier/prettier?sponsor=1"
			}
		},
		"node_modules/typescript": {
			"version": "4.7.4",
			"dev": true,
			"license": "Apache-2.0",
			"bin": {
				"tsc": "bin/tsc",
				"tsserver": "bin/tsserver"
			},
			"engines": {
				"node": ">=4.2.0"
			}
		}
	},
	"dependencies": {
		"@types/body-parser": {
			"version": "1.19.2",
			"dev": true,
			"requires": {
				"@types/connect": "*",
				"@types/node": "*"
			}
		},
		"@types/connect": {
			"version": "3.4.35",
			"dev": true,
			"requires": {
				"@types/node": "*"
			}
		},
		"@types/cookie-parser": {
			"version": "1.4.3",
			"dev": true,
			"requires": {
				"@types/express": "*"
			}
		},
		"@types/express": {
			"version": "4.17.13",
			"dev": true,
			"requires": {
				"@types/body-parser": "*",
				"@types/express-serve-static-core": "^4.17.18",
				"@types/qs": "*",
				"@types/serve-static": "*"
			}
		},
		"@types/express-serve-static-core": {
			"version": "4.17.30",
			"dev": true,
			"requires": {
				"@types/node": "*",
				"@types/qs": "*",
				"@types/range-parser": "*"
			}
		},
		"@types/mime": {
			"version": "3.0.1",
			"dev": true
		},
		"@types/node": {
			"version": "16.11.43",
			"dev": true
		},
		"@types/prop-types": {
			"version": "15.7.5",
			"dev": true
		},
		"@types/qs": {
			"version": "6.9.7",
			"dev": true
		},
		"@types/range-parser": {
			"version": "1.2.4",
			"dev": true
		},
		"@types/react": {
			"version": "18.0.17",
			"dev": true,
			"requires": {
				"@types/prop-types": "*",
				"@types/scheduler": "*",
				"csstype": "^3.0.2"
			}
		},
		"@types/react-dom": {
			"version": "18.0.6",
			"dev": true,
			"requires": {
				"@types/react": "*"
			}
		},
		"@types/scheduler": {
			"version": "0.16.2",
			"dev": true
		},
		"@types/serve-static": {
			"version": "1.15.0",
			"dev": true,
			"requires": {
				"@types/mime": "*",
				"@types/node": "*"
			}
		},
		"csstype": {
			"version": "3.1.0",
			"dev": true
		},
		"prettier": {
			"version": "2.7.1",
			"dev": true
		},
		"typescript": {
			"version": "4.7.4",
			"dev": true
		}
	}
}
